{
  "name": "scramjet-http-uristream",
  "version": "1.2.0",
  "lockfileVersion": 1,
  "requires": true,
  "dependencies": {
    "papaparse": {
      "version": "4.3.7",
      "resolved": "https://registry.npmjs.org/papaparse/-/papaparse-4.3.7.tgz",
      "integrity": "sha1-7R5xgzINHgg53+n3GGGFz8UJe40="
    },
    "scramjet": {
      "version": "4.8.0",
      "resolved": "https://registry.npmjs.org/scramjet/-/scramjet-4.8.0.tgz",
      "integrity": "sha512-qm2/UUMSbJyzDvGMK2+iDjg8cu4LFBFEC5zmyWG0pu0ACU4iz+DSqgGYe1Mq5Amai+mTPN2is597vTjP+JWmFA==",
      "requires": {
        "papaparse": "4.3.7",
        "scramjet-core": "4.7.0"
      }
    },
    "scramjet-core": {
      "version": "4.7.0",
      "resolved": "https://registry.npmjs.org/scramjet-core/-/scramjet-core-4.7.0.tgz",
      "integrity": "sha512-W1Q5Zcj2CY1JW/pxf1GN7ET/5Z5pb68JqwPTt4VfWOHM1L7bZh01kACexodIag4yMH6hfzO8Nox5Kuzc88iihQ=="
    }
  }
}
